
Microsoft Visual Studio Solution File, Format Version 12.00
# Visual Studio Version 16
VisualStudioVersion = 16.0.29230.47
MinimumVisualStudioVersion = 10.0.40219.1
Project("{FAE04EC0-301F-11D3-BF4B-00C04F79EFBC}") = "10laba", "10laba\10laba.csproj", "{298549B9-06B8-45C9-8ECD-C2F81E9629BF}"
EndProject
Global
	GlobalSection(SolutionConfigurationPlatforms) = preSolution
		Debug|Any CPU = Debug|Any CPU
		Release|Any CPU = Release|Any CPU
	EndGlobalSection
	GlobalSection(ProjectConfigurationPlatforms) = postSolution
		{298549B9-06B8-45C9-8ECD-C2F81E9629BF}.Debug|Any CPU.ActiveCfg = Debug|Any CPU
		{298549B9-06B8-45C9-8ECD-C2F81E9629BF}.Debug|Any CPU.Build.0 = Debug|Any CPU
		{298549B9-06B8-45C9-8ECD-C2F81E9629BF}.Release|Any CPU.ActiveCfg = Release|Any CPU
		{298549B9-06B8-45C9-8ECD-C2F81E9629BF}.Release|Any CPU.Build.0 = Release|Any CPU
	EndGlobalSection
	GlobalSection(SolutionProperties) = preSolution
		HideSolutionNode = FALSE
	EndGlobalSection
	GlobalSection(ExtensibilityGlobals) = postSolution
		SolutionGuid = {116FC050-FFBD-4FC6-91B5-912D7B734474}
	EndGlobalSection
EndGlobal
