
Microsoft Visual Studio Solution File, Format Version 12.00
# Visual Studio Version 16
VisualStudioVersion = 16.0.29230.47
MinimumVisualStudioVersion = 10.0.40219.1
Project("{FAE04EC0-301F-11D3-BF4B-00C04F79EFBC}") = "5laba", "5laba\5laba.csproj", "{C86D1F2F-BB84-47D1-A0CD-8F716E1E0456}"
EndProject
Global
	GlobalSection(SolutionConfigurationPlatforms) = preSolution
		Debug|Any CPU = Debug|Any CPU
		Release|Any CPU = Release|Any CPU
	EndGlobalSection
	GlobalSection(ProjectConfigurationPlatforms) = postSolution
		{C86D1F2F-BB84-47D1-A0CD-8F716E1E0456}.Debug|Any CPU.ActiveCfg = Debug|Any CPU
		{C86D1F2F-BB84-47D1-A0CD-8F716E1E0456}.Debug|Any CPU.Build.0 = Debug|Any CPU
		{C86D1F2F-BB84-47D1-A0CD-8F716E1E0456}.Release|Any CPU.ActiveCfg = Release|Any CPU
		{C86D1F2F-BB84-47D1-A0CD-8F716E1E0456}.Release|Any CPU.Build.0 = Release|Any CPU
	EndGlobalSection
	GlobalSection(SolutionProperties) = preSolution
		HideSolutionNode = FALSE
	EndGlobalSection
	GlobalSection(ExtensibilityGlobals) = postSolution
		SolutionGuid = {FF38C6F5-006E-4506-B919-0E6AD8E1FA8E}
	EndGlobalSection
EndGlobal
